
Microsoft Visual Studio Solution File, Format Version 12.00
# Visual Studio Version 16
VisualStudioVersion = 16.0.31424.327
MinimumVisualStudioVersion = 10.0.40219.1
Project("{FAE04EC0-301F-11D3-BF4B-00C04F79EFBC}") = "HelloWorld.UWP", "HelloWorld\HelloWorld.UWP\HelloWorld.UWP.csproj", "{CCA91F08-53C6-4BDD-9C1D-174CAA3FC27E}"
EndProject
Project("{FAE04EC0-301F-11D3-BF4B-00C04F79EFBC}") = "HelloWorld.Android", "HelloWorld\HelloWorld.Android\HelloWorld.Android.csproj", "{8122DE29-B076-49DC-976E-0D4555F8FAE5}"
EndProject
Project("{FAE04EC0-301F-11D3-BF4B-00C04F79EFBC}") = "HelloWorld.iOS", "HelloWorld\HelloWorld.iOS\HelloWorld.iOS.csproj", "{BCE388A7-7BE0-49D5-8351-963025A57D18}"
EndProject
Project("{FAE04EC0-301F-11D3-BF4B-00C04F79EFBC}") = "HelloWorld", "HelloWorld\HelloWorld\HelloWorld.csproj", "{C5F8092C-0E73-49D4-89A1-94D844726386}"
EndProject
Global
	GlobalSection(SolutionConfigurationPlatforms) = preSolution
		Debug|Any CPU = Debug|Any CPU
		Debug|ARM = Debug|ARM
		Debug|iPhone = Debug|iPhone
		Debug|iPhoneSimulator = Debug|iPhoneSimulator
		Debug|x64 = Debug|x64
		Debug|x86 = Debug|x86
		Release|Any CPU = Release|Any CPU
		Release|ARM = Release|ARM
		Release|iPhone = Release|iPhone
		Release|iPhoneSimulator = Release|iPhoneSimulator
		Release|x64 = Release|x64
		Release|x86 = Release|x86
	EndGlobalSection
	GlobalSection(ProjectConfigurationPlatforms) = postSolution
		{CCA91F08-53C6-4BDD-9C1D-174CAA3FC27E}.Debug|Any CPU.ActiveCfg = Debug|x86
		{CCA91F08-53C6-4BDD-9C1D-174CAA3FC27E}.Debug|Any CPU.Build.0 = Debug|x86
		{CCA91F08-53C6-4BDD-9C1D-174CAA3FC27E}.Debug|Any CPU.Deploy.0 = Debug|x86
		{CCA91F08-53C6-4BDD-9C1D-174CAA3FC27E}.Debug|ARM.ActiveCfg = Debug|ARM
		{CCA91F08-53C6-4BDD-9C1D-174CAA3FC27E}.Debug|ARM.Build.0 = Debug|ARM
		{CCA91F08-53C6-4BDD-9C1D-174CAA3FC27E}.Debug|ARM.Deploy.0 = Debug|ARM
		{CCA91F08-53C6-4BDD-9C1D-174CAA3FC27E}.Debug|iPhone.ActiveCfg = Debug|x86
		{CCA91F08-53C6-4BDD-9C1D-174CAA3FC27E}.Debug|iPhone.Build.0 = Debug|x86
		{CCA91F08-53C6-4BDD-9C1D-174CAA3FC27E}.Debug|iPhone.Deploy.0 = Debug|x86
		{CCA91F08-53C6-4BDD-9C1D-174CAA3FC27E}.Debug|iPhoneSimulator.ActiveCfg = Debug|x86
		{CCA91F08-53C6-4BDD-9C1D-174CAA3FC27E}.Debug|iPhoneSimulator.Build.0 = Debug|x86
		{CCA91F08-53C6-4BDD-9C1D-174CAA3FC27E}.Debug|iPhoneSimulator.Deploy.0 = Debug|x86
		{CCA91F08-53C6-4BDD-9C1D-174CAA3FC27E}.Debug|x64.ActiveCfg = Debug|x64
		{CCA91F08-53C6-4BDD-9C1D-174CAA3FC27E}.Debug|x64.Build.0 = Debug|x64
		{CCA91F08-53C6-4BDD-9C1D-174CAA3FC27E}.Debug|x64.Deploy.0 = Debug|x64
		{CCA91F08-53C6-4BDD-9C1D-174CAA3FC27E}.Debug|x86.ActiveCfg = Debug|x86
		{CCA91F08-53C6-4BDD-9C1D-174CAA3FC27E}.Debug|x86.Build.0 = Debug|x86
		{CCA91F08-53C6-4BDD-9C1D-174CAA3FC27E}.Debug|x86.Deploy.0 = Debug|x86
		{CCA91F08-53C6-4BDD-9C1D-174CAA3FC27E}.Release|Any CPU.ActiveCfg = Release|x86
		{CCA91F08-53C6-4BDD-9C1D-174CAA3FC27E}.Release|Any CPU.Build.0 = Release|x86
		{CCA91F08-53C6-4BDD-9C1D-174CAA3FC27E}.Release|Any CPU.Deploy.0 = Release|x86
		{CCA91F08-53C6-4BDD-9C1D-174CAA3FC27E}.Release|ARM.ActiveCfg = Release|ARM
		{CCA91F08-53C6-4BDD-9C1D-174CAA3FC27E}.Release|ARM.Build.0 = Release|ARM
		{CCA91F08-53C6-4BDD-9C1D-174CAA3FC27E}.Release|ARM.Deploy.0 = Release|ARM
		{CCA91F08-53C6-4BDD-9C1D-174CAA3FC27E}.Release|iPhone.ActiveCfg = Release|x86
		{CCA91F08-53C6-4BDD-9C1D-174CAA3FC27E}.Release|iPhone.Build.0 = Release|x86
		{CCA91F08-53C6-4BDD-9C1D-174CAA3FC27E}.Release|iPhone.Deploy.0 = Release|x86
		{CCA91F08-53C6-4BDD-9C1D-174CAA3FC27E}.Release|iPhoneSimulator.ActiveCfg = Release|x86
		{CCA91F08-53C6-4BDD-9C1D-174CAA3FC27E}.Release|iPhoneSimulator.Build.0 = Release|x86
		{CCA91F08-53C6-4BDD-9C1D-174CAA3FC27E}.Release|iPhoneSimulator.Deploy.0 = Release|x86
		{CCA91F08-53C6-4BDD-9C1D-174CAA3FC27E}.Release|x64.ActiveCfg = Release|x64
		{CCA91F08-53C6-4BDD-9C1D-174CAA3FC27E}.Release|x64.Build.0 = Release|x64
		{CCA91F08-53C6-4BDD-9C1D-174CAA3FC27E}.Release|x64.Deploy.0 = Release|x64
		{CCA91F08-53C6-4BDD-9C1D-174CAA3FC27E}.Release|x86.ActiveCfg = Release|x86
		{CCA91F08-53C6-4BDD-9C1D-174CAA3FC27E}.Release|x86.Build.0 = Release|x86
		{CCA91F08-53C6-4BDD-9C1D-174CAA3FC27E}.Release|x86.Deploy.0 = Release|x86
		{8122DE29-B076-49DC-976E-0D4555F8FAE5}.Debug|Any CPU.ActiveCfg = Debug|Any CPU
		{8122DE29-B076-49DC-976E-0D4555F8FAE5}.Debug|Any CPU.Build.0 = Debug|Any CPU
		{8122DE29-B076-49DC-976E-0D4555F8FAE5}.Debug|Any CPU.Deploy.0 = Debug|Any CPU
		{8122DE29-B076-49DC-976E-0D4555F8FAE5}.Debug|ARM.ActiveCfg = Debug|Any CPU
		{8122DE29-B076-49DC-976E-0D4555F8FAE5}.Debug|ARM.Build.0 = Debug|Any CPU
		{8122DE29-B076-49DC-976E-0D4555F8FAE5}.Debug|ARM.Deploy.0 = Debug|Any CPU
		{8122DE29-B076-49DC-976E-0D4555F8FAE5}.Debug|iPhone.ActiveCfg = Debug|Any CPU
		{8122DE29-B076-49DC-976E-0D4555F8FAE5}.Debug|iPhone.Build.0 = Debug|Any CPU
		{8122DE29-B076-49DC-976E-0D4555F8FAE5}.Debug|iPhone.Deploy.0 = Debug|Any CPU
		{8122DE29-B076-49DC-976E-0D4555F8FAE5}.Debug|iPhoneSimulator.ActiveCfg = Debug|Any CPU
		{8122DE29-B076-49DC-976E-0D4555F8FAE5}.Debug|iPhoneSimulator.Build.0 = Debug|Any CPU
		{8122DE29-B076-49DC-976E-0D4555F8FAE5}.Debug|iPhoneSimulator.Deploy.0 = Debug|Any CPU
		{8122DE29-B076-49DC-976E-0D4555F8FAE5}.Debug|x64.ActiveCfg = Debug|Any CPU
		{8122DE29-B076-49DC-976E-0D4555F8FAE5}.Debug|x64.Build.0 = Debug|Any CPU
		{8122DE29-B076-49DC-976E-0D4555F8FAE5}.Debug|x64.Deploy.0 = Debug|Any CPU
		{8122DE29-B076-49DC-976E-0D4555F8FAE5}.Debug|x86.ActiveCfg = Debug|Any CPU
		{8122DE29-B076-49DC-976E-0D4555F8FAE5}.Debug|x86.Build.0 = Debug|Any CPU
		{8122DE29-B076-49DC-976E-0D4555F8FAE5}.Debug|x86.Deploy.0 = Debug|Any CPU
		{8122DE29-B076-49DC-976E-0D4555F8FAE5}.Release|Any CPU.ActiveCfg = Release|Any CPU
		{8122DE29-B076-49DC-976E-0D4555F8FAE5}.Release|Any CPU.Build.0 = Release|Any CPU
		{8122DE29-B076-49DC-976E-0D4555F8FAE5}.Release|Any CPU.Deploy.0 = Release|Any CPU
		{8122DE29-B076-49DC-976E-0D4555F8FAE5}.Release|ARM.ActiveCfg = Release|Any CPU
		{8122DE29-B076-49DC-976E-0D4555F8FAE5}.Release|ARM.Build.0 = Release|Any CPU
		{8122DE29-B076-49DC-976E-0D4555F8FAE5}.Release|ARM.Deploy.0 = Release|Any CPU
		{8122DE29-B076-49DC-976E-0D4555F8FAE5}.Release|iPhone.ActiveCfg = Release|Any CPU
		{8122DE29-B076-49DC-976E-0D4555F8FAE5}.Release|iPhone.Build.0 = Release|Any CPU
		{8122DE29-B076-49DC-976E-0D4555F8FAE5}.Release|iPhone.Deploy.0 = Release|Any CPU
		{8122DE29-B076-49DC-976E-0D4555F8FAE5}.Release|iPhoneSimulator.ActiveCfg = Release|Any CPU
		{8122DE29-B076-49DC-976E-0D4555F8FAE5}.Release|iPhoneSimulator.Build.0 = Release|Any CPU
		{8122DE29-B076-49DC-976E-0D4555F8FAE5}.Release|iPhoneSimulator.Deploy.0 = Release|Any CPU
		{8122DE29-B076-49DC-976E-0D4555F8FAE5}.Release|x64.ActiveCfg = Release|Any CPU
		{8122DE29-B076-49DC-976E-0D4555F8FAE5}.Release|x64.Build.0 = Release|Any CPU
		{8122DE29-B076-49DC-976E-0D4555F8FAE5}.Release|x64.Deploy.0 = Release|Any CPU
		{8122DE29-B076-49DC-976E-0D4555F8FAE5}.Release|x86.ActiveCfg = Release|Any CPU
		{8122DE29-B076-49DC-976E-0D4555F8FAE5}.Release|x86.Build.0 = Release|Any CPU
		{8122DE29-B076-49DC-976E-0D4555F8FAE5}.Release|x86.Deploy.0 = Release|Any CPU
		{BCE388A7-7BE0-49D5-8351-963025A57D18}.Debug|Any CPU.ActiveCfg = Debug|iPhoneSimulator
		{BCE388A7-7BE0-49D5-8351-963025A57D18}.Debug|Any CPU.Build.0 = Debug|iPhoneSimulator
		{BCE388A7-7BE0-49D5-8351-963025A57D18}.Debug|Any CPU.Deploy.0 = Debug|iPhoneSimulator
		{BCE388A7-7BE0-49D5-8351-963025A57D18}.Debug|ARM.ActiveCfg = Debug|iPhone
		{BCE388A7-7BE0-49D5-8351-963025A57D18}.Debug|ARM.Build.0 = Debug|iPhone
		{BCE388A7-7BE0-49D5-8351-963025A57D18}.Debug|ARM.Deploy.0 = Debug|iPhone
		{BCE388A7-7BE0-49D5-8351-963025A57D18}.Debug|iPhone.ActiveCfg = Debug|iPhone
		{BCE388A7-7BE0-49D5-8351-963025A57D18}.Debug|iPhone.Build.0 = Debug|iPhone
		{BCE388A7-7BE0-49D5-8351-963025A57D18}.Debug|iPhone.Deploy.0 = Debug|iPhone
		{BCE388A7-7BE0-49D5-8351-963025A57D18}.Debug|iPhoneSimulator.ActiveCfg = Debug|iPhoneSimulator
		{BCE388A7-7BE0-49D5-8351-963025A57D18}.Debug|iPhoneSimulator.Build.0 = Debug|iPhoneSimulator
		{BCE388A7-7BE0-49D5-8351-963025A57D18}.Debug|iPhoneSimulator.Deploy.0 = Debug|iPhoneSimulator
		{BCE388A7-7BE0-49D5-8351-963025A57D18}.Debug|x64.ActiveCfg = Debug|iPhoneSimulator
		{BCE388A7-7BE0-49D5-8351-963025A57D18}.Debug|x64.Build.0 = Debug|iPhoneSimulator
		{BCE388A7-7BE0-49D5-8351-963025A57D18}.Debug|x64.Deploy.0 = Debug|iPhoneSimulator
		{BCE388A7-7BE0-49D5-8351-963025A57D18}.Debug|x86.ActiveCfg = Debug|iPhoneSimulator
		{BCE388A7-7BE0-49D5-8351-963025A57D18}.Debug|x86.Build.0 = Debug|iPhoneSimulator
		{BCE388A7-7BE0-49D5-8351-963025A57D18}.Debug|x86.Deploy.0 = Debug|iPhoneSimulator
		{BCE388A7-7BE0-49D5-8351-963025A57D18}.Release|Any CPU.ActiveCfg = Release|iPhoneSimulator
		{BCE388A7-7BE0-49D5-8351-963025A57D18}.Release|Any CPU.Build.0 = Release|iPhoneSimulator
		{BCE388A7-7BE0-49D5-8351-963025A57D18}.Release|Any CPU.Deploy.0 = Release|iPhoneSimulator
		{BCE388A7-7BE0-49D5-8351-963025A57D18}.Release|ARM.ActiveCfg = Release|iPhoneSimulator
		{BCE388A7-7BE0-49D5-8351-963025A57D18}.Release|ARM.Build.0 = Release|iPhoneSimulator
		{BCE388A7-7BE0-49D5-8351-963025A57D18}.Release|ARM.Deploy.0 = Release|iPhoneSimulator
		{BCE388A7-7BE0-49D5-8351-963025A57D18}.Release|iPhone.ActiveCfg = Release|iPhone
		{BCE388A7-7BE0-49D5-8351-963025A57D18}.Release|iPhone.Build.0 = Release|iPhone
		{BCE388A7-7BE0-49D5-8351-963025A57D18}.Release|iPhone.Deploy.0 = Release|iPhone
		{BCE388A7-7BE0-49D5-8351-963025A57D18}.Release|iPhoneSimulator.ActiveCfg = Release|iPhoneSimulator
		{BCE388A7-7BE0-49D5-8351-963025A57D18}.Release|iPhoneSimulator.Build.0 = Release|iPhoneSimulator
		{BCE388A7-7BE0-49D5-8351-963025A57D18}.Release|iPhoneSimulator.Deploy.0 = Release|iPhoneSimulator
		{BCE388A7-7BE0-49D5-8351-963025A57D18}.Release|x64.ActiveCfg = Release|iPhoneSimulator
		{BCE388A7-7BE0-49D5-8351-963025A57D18}.Release|x64.Build.0 = Release|iPhoneSimulator
		{BCE388A7-7BE0-49D5-8351-963025A57D18}.Release|x64.Deploy.0 = Release|iPhoneSimulator
		{BCE388A7-7BE0-49D5-8351-963025A57D18}.Release|x86.ActiveCfg = Release|iPhoneSimulator
		{BCE388A7-7BE0-49D5-8351-963025A57D18}.Release|x86.Build.0 = Release|iPhoneSimulator
		{BCE388A7-7BE0-49D5-8351-963025A57D18}.Release|x86.Deploy.0 = Release|iPhoneSimulator
		{C5F8092C-0E73-49D4-89A1-94D844726386}.Debug|Any CPU.ActiveCfg = Debug|Any CPU
		{C5F8092C-0E73-49D4-89A1-94D844726386}.Debug|Any CPU.Build.0 = Debug|Any CPU
		{C5F8092C-0E73-49D4-89A1-94D844726386}.Debug|Any CPU.Deploy.0 = Debug|Any CPU
		{C5F8092C-0E73-49D4-89A1-94D844726386}.Debug|ARM.ActiveCfg = Debug|Any CPU
		{C5F8092C-0E73-49D4-89A1-94D844726386}.Debug|ARM.Build.0 = Debug|Any CPU
		{C5F8092C-0E73-49D4-89A1-94D844726386}.Debug|ARM.Deploy.0 = Debug|Any CPU
		{C5F8092C-0E73-49D4-89A1-94D844726386}.Debug|iPhone.ActiveCfg = Debug|Any CPU
		{C5F8092C-0E73-49D4-89A1-94D844726386}.Debug|iPhone.Build.0 = Debug|Any CPU
		{C5F8092C-0E73-49D4-89A1-94D844726386}.Debug|iPhone.Deploy.0 = Debug|Any CPU
		{C5F8092C-0E73-49D4-89A1-94D844726386}.Debug|iPhoneSimulator.ActiveCfg = Debug|Any CPU
		{C5F8092C-0E73-49D4-89A1-94D844726386}.Debug|iPhoneSimulator.Build.0 = Debug|Any CPU
		{C5F8092C-0E73-49D4-89A1-94D844726386}.Debug|iPhoneSimulator.Deploy.0 = Debug|Any CPU
		{C5F8092C-0E73-49D4-89A1-94D844726386}.Debug|x64.ActiveCfg = Debug|Any CPU
		{C5F8092C-0E73-49D4-89A1-94D844726386}.Debug|x64.Build.0 = Debug|Any CPU
		{C5F8092C-0E73-49D4-89A1-94D844726386}.Debug|x64.Deploy.0 = Debug|Any CPU
		{C5F8092C-0E73-49D4-89A1-94D844726386}.Debug|x86.ActiveCfg = Debug|Any CPU
		{C5F8092C-0E73-49D4-89A1-94D844726386}.Debug|x86.Build.0 = Debug|Any CPU
		{C5F8092C-0E73-49D4-89A1-94D844726386}.Debug|x86.Deploy.0 = Debug|Any CPU
		{C5F8092C-0E73-49D4-89A1-94D844726386}.Release|Any CPU.ActiveCfg = Release|Any CPU
		{C5F8092C-0E73-49D4-89A1-94D844726386}.Release|Any CPU.Build.0 = Release|Any CPU
		{C5F8092C-0E73-49D4-89A1-94D844726386}.Release|Any CPU.Deploy.0 = Release|Any CPU
		{C5F8092C-0E73-49D4-89A1-94D844726386}.Release|ARM.ActiveCfg = Release|Any CPU
		{C5F8092C-0E73-49D4-89A1-94D844726386}.Release|ARM.Build.0 = Release|Any CPU
		{C5F8092C-0E73-49D4-89A1-94D844726386}.Release|ARM.Deploy.0 = Release|Any CPU
		{C5F8092C-0E73-49D4-89A1-94D844726386}.Release|iPhone.ActiveCfg = Release|Any CPU
		{C5F8092C-0E73-49D4-89A1-94D844726386}.Release|iPhone.Build.0 = Release|Any CPU
		{C5F8092C-0E73-49D4-89A1-94D844726386}.Release|iPhone.Deploy.0 = Release|Any CPU
		{C5F8092C-0E73-49D4-89A1-94D844726386}.Release|iPhoneSimulator.ActiveCfg = Release|Any CPU
		{C5F8092C-0E73-49D4-89A1-94D844726386}.Release|iPhoneSimulator.Build.0 = Release|Any CPU
		{C5F8092C-0E73-49D4-89A1-94D844726386}.Release|iPhoneSimulator.Deploy.0 = Release|Any CPU
		{C5F8092C-0E73-49D4-89A1-94D844726386}.Release|x64.ActiveCfg = Release|Any CPU
		{C5F8092C-0E73-49D4-89A1-94D844726386}.Release|x64.Build.0 = Release|Any CPU
		{C5F8092C-0E73-49D4-89A1-94D844726386}.Release|x64.Deploy.0 = Release|Any CPU
		{C5F8092C-0E73-49D4-89A1-94D844726386}.Release|x86.ActiveCfg = Release|Any CPU
		{C5F8092C-0E73-49D4-89A1-94D844726386}.Release|x86.Build.0 = Release|Any CPU
		{C5F8092C-0E73-49D4-89A1-94D844726386}.Release|x86.Deploy.0 = Release|Any CPU
	EndGlobalSection
	GlobalSection(SolutionProperties) = preSolution
		HideSolutionNode = FALSE
	EndGlobalSection
	GlobalSection(ExtensibilityGlobals) = postSolution
		SolutionGuid = {4D6472DD-D62A-42D4-BA7B-EAA237144F09}
	EndGlobalSection
EndGlobal
